
Microsoft Visual Studio Solution File, Format Version 12.00
# Visual Studio Version 17
VisualStudioVersion = 17.2.32505.173
MinimumVisualStudioVersion = 10.0.40219.1
Project("{FAE04EC0-301F-11D3-BF4B-00C04F79EFBC}") = "Test.Photon", "Test.Photon\Test.Photon.csproj", "{49004698-2DBF-4EEC-927F-990DEA761D65}"
EndProject
Project("{FAE04EC0-301F-11D3-BF4B-00C04F79EFBC}") = "Test.Photon.Plugin", "Test.Photon.Plugin\Test.Photon.Plugin.csproj", "{B1FAEA49-0FFB-4F4D-949F-BCEBEA883587}"
EndProject
Global
	GlobalSection(SolutionConfigurationPlatforms) = preSolution
		Debug|Any CPU = Debug|Any CPU
		Release|Any CPU = Release|Any CPU
	EndGlobalSection
	GlobalSection(ProjectConfigurationPlatforms) = postSolution
		{49004698-2DBF-4EEC-927F-990DEA761D65}.Debug|Any CPU.ActiveCfg = Debug|Any CPU
		{49004698-2DBF-4EEC-927F-990DEA761D65}.Debug|Any CPU.Build.0 = Debug|Any CPU
		{49004698-2DBF-4EEC-927F-990DEA761D65}.Release|Any CPU.ActiveCfg = Release|Any CPU
		{49004698-2DBF-4EEC-927F-990DEA761D65}.Release|Any CPU.Build.0 = Release|Any CPU
		{B1FAEA49-0FFB-4F4D-949F-BCEBEA883587}.Debug|Any CPU.ActiveCfg = Debug|Any CPU
		{B1FAEA49-0FFB-4F4D-949F-BCEBEA883587}.Debug|Any CPU.Build.0 = Debug|Any CPU
		{B1FAEA49-0FFB-4F4D-949F-BCEBEA883587}.Release|Any CPU.ActiveCfg = Release|Any CPU
		{B1FAEA49-0FFB-4F4D-949F-BCEBEA883587}.Release|Any CPU.Build.0 = Release|Any CPU
	EndGlobalSection
	GlobalSection(SolutionProperties) = preSolution
		HideSolutionNode = FALSE
	EndGlobalSection
	GlobalSection(ExtensibilityGlobals) = postSolution
		SolutionGuid = {02785778-65B4-489A-A455-A85DC7C2F9D4}
	EndGlobalSection
EndGlobal
